
Microsoft Visual Studio Solution File, Format Version 12.00
# Visual Studio Version 17
VisualStudioVersion = 17.14.36429.23 d17.14
MinimumVisualStudioVersion = 10.0.40219.1
Project("{8BC9CEB8-8B4A-11D0-8D11-00A0C91BC942}") = "Brainfuck-interpreter", "Brainfuck-interpreter.vcxproj", "{07AE7348-0D62-4D3F-A63A-D1021EED737D}"
EndProject
Global
	GlobalSection(SolutionConfigurationPlatforms) = preSolution
		Debug|x64 = Debug|x64
		Debug|x86 = Debug|x86
		Release|x64 = Release|x64
		Release|x86 = Release|x86
	EndGlobalSection
	GlobalSection(ProjectConfigurationPlatforms) = postSolution
		{07AE7348-0D62-4D3F-A63A-D1021EED737D}.Debug|x64.ActiveCfg = Debug|x64
		{07AE7348-0D62-4D3F-A63A-D1021EED737D}.Debug|x64.Build.0 = Debug|x64
		{07AE7348-0D62-4D3F-A63A-D1021EED737D}.Debug|x86.ActiveCfg = Debug|Win32
		{07AE7348-0D62-4D3F-A63A-D1021EED737D}.Debug|x86.Build.0 = Debug|Win32
		{07AE7348-0D62-4D3F-A63A-D1021EED737D}.Release|x64.ActiveCfg = Release|x64
		{07AE7348-0D62-4D3F-A63A-D1021EED737D}.Release|x64.Build.0 = Release|x64
		{07AE7348-0D62-4D3F-A63A-D1021EED737D}.Release|x86.ActiveCfg = Release|Win32
		{07AE7348-0D62-4D3F-A63A-D1021EED737D}.Release|x86.Build.0 = Release|Win32
	EndGlobalSection
	GlobalSection(SolutionProperties) = preSolution
		HideSolutionNode = FALSE
	EndGlobalSection
	GlobalSection(ExtensibilityGlobals) = postSolution
		SolutionGuid = {1CDA8B6B-63B9-48C1-9C0D-92279DF11D42}
	EndGlobalSection
EndGlobal
